
Microsoft Visual Studio Solution File, Format Version 12.00
# Visual Studio Version 17
VisualStudioVersion = 17.1.32319.34
MinimumVisualStudioVersion = 10.0.40219.1
Project("{FAE04EC0-301F-11D3-BF4B-00C04F79EFBC}") = "Desktop", "Desktop\Desktop.csproj", "{B52C5D9E-70FE-490E-B28E-74BAEE6E2878}"
EndProject
Global
	GlobalSection(SolutionConfigurationPlatforms) = preSolution
		Debug|Any CPU = Debug|Any CPU
		Release|Any CPU = Release|Any CPU
	EndGlobalSection
	GlobalSection(ProjectConfigurationPlatforms) = postSolution
		{B52C5D9E-70FE-490E-B28E-74BAEE6E2878}.Debug|Any CPU.ActiveCfg = Debug|Any CPU
		{B52C5D9E-70FE-490E-B28E-74BAEE6E2878}.Debug|Any CPU.Build.0 = Debug|Any CPU
		{B52C5D9E-70FE-490E-B28E-74BAEE6E2878}.Release|Any CPU.ActiveCfg = Release|Any CPU
		{B52C5D9E-70FE-490E-B28E-74BAEE6E2878}.Release|Any CPU.Build.0 = Release|Any CPU
	EndGlobalSection
	GlobalSection(SolutionProperties) = preSolution
		HideSolutionNode = FALSE
	EndGlobalSection
	GlobalSection(ExtensibilityGlobals) = postSolution
		SolutionGuid = {FBD890CA-DA9C-4F2E-96FD-255FF8A8A1B4}
	EndGlobalSection
EndGlobal
